
Microsoft Visual Studio Solution File, Format Version 12.00
# Visual Studio 15
VisualStudioVersion = 15.0.28307.329
MinimumVisualStudioVersion = 10.0.40219.1
Project("{FAE04EC0-301F-11D3-BF4B-00C04F79EFBC}") = "Tarea2", "Tarea2\Tarea2.csproj", "{754EC018-2CE3-4A62-8E97-FD616BEF571D}"
EndProject
Global
	GlobalSection(SolutionConfigurationPlatforms) = preSolution
		Debug|Any CPU = Debug|Any CPU
		Release|Any CPU = Release|Any CPU
	EndGlobalSection
	GlobalSection(ProjectConfigurationPlatforms) = postSolution
		{754EC018-2CE3-4A62-8E97-FD616BEF571D}.Debug|Any CPU.ActiveCfg = Debug|Any CPU
		{754EC018-2CE3-4A62-8E97-FD616BEF571D}.Debug|Any CPU.Build.0 = Debug|Any CPU
		{754EC018-2CE3-4A62-8E97-FD616BEF571D}.Release|Any CPU.ActiveCfg = Release|Any CPU
		{754EC018-2CE3-4A62-8E97-FD616BEF571D}.Release|Any CPU.Build.0 = Release|Any CPU
	EndGlobalSection
	GlobalSection(SolutionProperties) = preSolution
		HideSolutionNode = FALSE
	EndGlobalSection
	GlobalSection(ExtensibilityGlobals) = postSolution
		SolutionGuid = {08CB7E89-A2D2-4C1F-98CD-F11A8DA21758}
	EndGlobalSection
EndGlobal
